
Microsoft Visual Studio Solution File, Format Version 12.00
# Visual Studio Version 17
VisualStudioVersion = 17.14.36109.1 d17.14
MinimumVisualStudioVersion = 10.0.40219.1
Project("{FAE04EC0-301F-11D3-BF4B-00C04F79EFBC}") = "EdgeLight.App", "EdgeLight.App.csproj", "{8105CA68-A703-4147-BBE8-70F849AF32B2}"
EndProject
Global
	GlobalSection(SolutionConfigurationPlatforms) = preSolution
		Debug|Any CPU = Debug|Any CPU
		Release|Any CPU = Release|Any CPU
	EndGlobalSection
	GlobalSection(ProjectConfigurationPlatforms) = postSolution
		{8105CA68-A703-4147-BBE8-70F849AF32B2}.Debug|Any CPU.ActiveCfg = Debug|Any CPU
		{8105CA68-A703-4147-BBE8-70F849AF32B2}.Debug|Any CPU.Build.0 = Debug|Any CPU
		{8105CA68-A703-4147-BBE8-70F849AF32B2}.Release|Any CPU.ActiveCfg = Release|Any CPU
		{8105CA68-A703-4147-BBE8-70F849AF32B2}.Release|Any CPU.Build.0 = Release|Any CPU
	EndGlobalSection
	GlobalSection(SolutionProperties) = preSolution
		HideSolutionNode = FALSE
	EndGlobalSection
	GlobalSection(ExtensibilityGlobals) = postSolution
		SolutionGuid = {1FA790CA-270B-46C9-9D20-1E5C8233660A}
	EndGlobalSection
EndGlobal
